
Microsoft Visual Studio Solution File, Format Version 12.00
Project("{FAE04EC0-301F-11D3-BF4B-00C04F79EFBC}") = "AmaiSosu", "AmaiSosu\AmaiSosu.csproj", "{B9160F1B-8536-46B9-A2AB-AFB8B661A3BD}"
EndProject
Project("{FAE04EC0-301F-11D3-BF4B-00C04F79EFBC}") = "AmaiSosu.GUI", "AmaiSosu.GUI\AmaiSosu.GUI.csproj", "{4AB5A870-7A84-4206-994B-EAB91473CD6C}"
EndProject
Global
	GlobalSection(SolutionConfigurationPlatforms) = preSolution
		Debug|Any CPU = Debug|Any CPU
		Release|Any CPU = Release|Any CPU
	EndGlobalSection
	GlobalSection(ProjectConfigurationPlatforms) = postSolution
		{B9160F1B-8536-46B9-A2AB-AFB8B661A3BD}.Debug|Any CPU.ActiveCfg = Debug|Any CPU
		{B9160F1B-8536-46B9-A2AB-AFB8B661A3BD}.Debug|Any CPU.Build.0 = Debug|Any CPU
		{B9160F1B-8536-46B9-A2AB-AFB8B661A3BD}.Release|Any CPU.ActiveCfg = Release|Any CPU
		{B9160F1B-8536-46B9-A2AB-AFB8B661A3BD}.Release|Any CPU.Build.0 = Release|Any CPU
		{4AB5A870-7A84-4206-994B-EAB91473CD6C}.Debug|Any CPU.ActiveCfg = Debug|Any CPU
		{4AB5A870-7A84-4206-994B-EAB91473CD6C}.Debug|Any CPU.Build.0 = Debug|Any CPU
		{4AB5A870-7A84-4206-994B-EAB91473CD6C}.Release|Any CPU.ActiveCfg = Release|Any CPU
		{4AB5A870-7A84-4206-994B-EAB91473CD6C}.Release|Any CPU.Build.0 = Release|Any CPU
	EndGlobalSection
EndGlobal
