
Microsoft Visual Studio Solution File, Format Version 12.00
# Visual Studio 15
VisualStudioVersion = 15.0.28010.2041
MinimumVisualStudioVersion = 10.0.40219.1
Project("{FAE04EC0-301F-11D3-BF4B-00C04F79EFBC}") = "Atarashii", "Atarashii\Atarashii.csproj", "{9665535F-B184-41F6-AC56-85DB14FD3B79}"
EndProject
Project("{FAE04EC0-301F-11D3-BF4B-00C04F79EFBC}") = "Atarashii.Tests", "Atarashii.Tests\Atarashii.Tests.csproj", "{E69FBF55-9518-4A16-85C6-F373BC14DEB5}"
EndProject
Project("{2150E333-8FDC-42A3-9474-1A3956D46DE8}") = "Documentation", "Documentation", "{242E14EA-FB28-458C-8ABE-10D09245B350}"
	ProjectSection(SolutionItems) = preProject
		README.md = README.md
		Atarashii.Docs\blam-sav.md = Atarashii.Docs\blam-sav.md
	EndProjectSection
EndProject
Project("{FAE04EC0-301F-11D3-BF4B-00C04F79EFBC}") = "Atarashii.CLI", "Atarashii.CLI\Atarashii.CLI.csproj", "{4F18217D-AB00-49A9-B1D6-8125CD89BC51}"
EndProject
Project("{FAE04EC0-301F-11D3-BF4B-00C04F79EFBC}") = "Atarashii.API", "Atarashii.API\Atarashii.API.csproj", "{2C5D2B0E-FEA7-43F2-9960-215280CCA7B7}"
EndProject
Global
	GlobalSection(SolutionConfigurationPlatforms) = preSolution
		Debug|Any CPU = Debug|Any CPU
		Release|Any CPU = Release|Any CPU
	EndGlobalSection
	GlobalSection(ProjectConfigurationPlatforms) = postSolution
		{9665535F-B184-41F6-AC56-85DB14FD3B79}.Debug|Any CPU.ActiveCfg = Debug|Any CPU
		{9665535F-B184-41F6-AC56-85DB14FD3B79}.Debug|Any CPU.Build.0 = Debug|Any CPU
		{9665535F-B184-41F6-AC56-85DB14FD3B79}.Release|Any CPU.ActiveCfg = Release|Any CPU
		{9665535F-B184-41F6-AC56-85DB14FD3B79}.Release|Any CPU.Build.0 = Release|Any CPU
		{E69FBF55-9518-4A16-85C6-F373BC14DEB5}.Debug|Any CPU.ActiveCfg = Debug|Any CPU
		{E69FBF55-9518-4A16-85C6-F373BC14DEB5}.Debug|Any CPU.Build.0 = Debug|Any CPU
		{E69FBF55-9518-4A16-85C6-F373BC14DEB5}.Release|Any CPU.ActiveCfg = Release|Any CPU
		{E69FBF55-9518-4A16-85C6-F373BC14DEB5}.Release|Any CPU.Build.0 = Release|Any CPU
		{4F18217D-AB00-49A9-B1D6-8125CD89BC51}.Debug|Any CPU.ActiveCfg = Debug|Any CPU
		{4F18217D-AB00-49A9-B1D6-8125CD89BC51}.Debug|Any CPU.Build.0 = Debug|Any CPU
		{4F18217D-AB00-49A9-B1D6-8125CD89BC51}.Release|Any CPU.ActiveCfg = Release|Any CPU
		{4F18217D-AB00-49A9-B1D6-8125CD89BC51}.Release|Any CPU.Build.0 = Release|Any CPU
		{2C5D2B0E-FEA7-43F2-9960-215280CCA7B7}.Debug|Any CPU.ActiveCfg = Debug|Any CPU
		{2C5D2B0E-FEA7-43F2-9960-215280CCA7B7}.Debug|Any CPU.Build.0 = Debug|Any CPU
		{2C5D2B0E-FEA7-43F2-9960-215280CCA7B7}.Release|Any CPU.ActiveCfg = Release|Any CPU
		{2C5D2B0E-FEA7-43F2-9960-215280CCA7B7}.Release|Any CPU.Build.0 = Release|Any CPU
	EndGlobalSection
	GlobalSection(SolutionProperties) = preSolution
		HideSolutionNode = FALSE
	EndGlobalSection
	GlobalSection(NestedProjects) = preSolution
	EndGlobalSection
	GlobalSection(ExtensibilityGlobals) = postSolution
		SolutionGuid = {3249B2F7-F993-46AD-A3EB-85718856A4E0}
	EndGlobalSection
EndGlobal
