
Microsoft Visual Studio Solution File, Format Version 12.00
Project("{FAE04EC0-301F-11D3-BF4B-00C04F79EFBC}") = "AmaiSosu", "AmaiSosu.csproj", "{BAE1AA49-DF90-4700-89AD-4300D11E9909}"
EndProject
Global
	GlobalSection(SolutionConfigurationPlatforms) = preSolution
		Debug|Any CPU = Debug|Any CPU
		Release|Any CPU = Release|Any CPU
	EndGlobalSection
	GlobalSection(ProjectConfigurationPlatforms) = postSolution
		{BAE1AA49-DF90-4700-89AD-4300D11E9909}.Debug|Any CPU.ActiveCfg = Debug|Any CPU
		{BAE1AA49-DF90-4700-89AD-4300D11E9909}.Debug|Any CPU.Build.0 = Debug|Any CPU
		{BAE1AA49-DF90-4700-89AD-4300D11E9909}.Release|Any CPU.ActiveCfg = Release|Any CPU
		{BAE1AA49-DF90-4700-89AD-4300D11E9909}.Release|Any CPU.Build.0 = Release|Any CPU
	EndGlobalSection
EndGlobal
